<<<<<<< HEAD
﻿
Microsoft Visual Studio Solution File, Format Version 11.00
# Visual Studio 2010
Project("{FAE04EC0-301F-11D3-BF4B-00C04F79EFBC}") = "Dungeon Architect", "Assembly-CSharp.csproj", "{F32E3685-57EF-CBCB-7A8E-25E73E717FBD}"
=======
Microsoft Visual Studio Solution File, Format Version 11.00
# Visual Studio 2008

Project("{863590DA-DA2A-6111-9193-3F1ED751DA4F}") = "Dungeon Architect", "Assembly-CSharp.csproj", "{F32E3685-57EF-CBCB-7A8E-25E73E717FBD}"
>>>>>>> 8e3224ce6489aeae31e2eb82f5eb6ca272ee0ca6
EndProject
Global
	GlobalSection(SolutionConfigurationPlatforms) = preSolution
		Debug|Any CPU = Debug|Any CPU
		Release|Any CPU = Release|Any CPU
	EndGlobalSection
	GlobalSection(ProjectConfigurationPlatforms) = postSolution
		{F32E3685-57EF-CBCB-7A8E-25E73E717FBD}.Debug|Any CPU.ActiveCfg = Debug|Any CPU
		{F32E3685-57EF-CBCB-7A8E-25E73E717FBD}.Debug|Any CPU.Build.0 = Debug|Any CPU
		{F32E3685-57EF-CBCB-7A8E-25E73E717FBD}.Release|Any CPU.ActiveCfg = Release|Any CPU
		{F32E3685-57EF-CBCB-7A8E-25E73E717FBD}.Release|Any CPU.Build.0 = Release|Any CPU
	EndGlobalSection
	GlobalSection(SolutionProperties) = preSolution
		HideSolutionNode = FALSE
	EndGlobalSection
	GlobalSection(MonoDevelopProperties) = preSolution
		StartupItem = Assembly-CSharp.csproj
	EndGlobalSection
EndGlobal
